PODS:
  - Flutter (1.0.0)
  - icloud_storage (0.0.1):
    - Flutter

DEPENDENCIES:
  - Flutter (from `Flutter`)
  - icloud_storage (from `.symlinks/plugins/icloud_storage/ios`)

EXTERNAL SOURCES:
  Flutter:
    :path: Flutter
  icloud_storage:
    :path: ".symlinks/plugins/icloud_storage/ios"

SPEC CHECKSUMS:
  Flutter: cabc95a1d2626b1b06e7179b784ebcf0c0cde467
  icloud_storage: d9ac7a33ced81df08ba7ea1bf3099cc0ee58f60a

PODFILE CHECKSUM: 1959d098c91d8a792531a723c4a9d7e9f6a01e38

COCOAPODS: 1.15.2
